
Microsoft Visual Studio Solution File, Format Version 12.00
# Visual Studio Version 17
VisualStudioVersion = 17.13.35818.85 d17.13
MinimumVisualStudioVersion = 10.0.40219.1
Project("{FAE04EC0-301F-11D3-BF4B-00C04F79EFBC}") = "OS_proj", "OS_proj\OS_proj.csproj", "{D577BD27-C6EE-4E6B-AF4C-E6B18D304A0A}"
EndProject
Global
	GlobalSection(SolutionConfigurationPlatforms) = preSolution
		Debug|Any CPU = Debug|Any CPU
		Release|Any CPU = Release|Any CPU
	EndGlobalSection
	GlobalSection(ProjectConfigurationPlatforms) = postSolution
		{D577BD27-C6EE-4E6B-AF4C-E6B18D304A0A}.Debug|Any CPU.ActiveCfg = Debug|Any CPU
		{D577BD27-C6EE-4E6B-AF4C-E6B18D304A0A}.Debug|Any CPU.Build.0 = Debug|Any CPU
		{D577BD27-C6EE-4E6B-AF4C-E6B18D304A0A}.Release|Any CPU.ActiveCfg = Release|Any CPU
		{D577BD27-C6EE-4E6B-AF4C-E6B18D304A0A}.Release|Any CPU.Build.0 = Release|Any CPU
	EndGlobalSection
	GlobalSection(SolutionProperties) = preSolution
		HideSolutionNode = FALSE
	EndGlobalSection
	GlobalSection(ExtensibilityGlobals) = postSolution
		SolutionGuid = {D52BF33A-73C9-45EA-B75F-B24DCCC65B23}
	EndGlobalSection
EndGlobal
